
Microsoft Visual Studio Solution File, Format Version 12.00
# Visual Studio Version 17
VisualStudioVersion = 17.12.35506.116 d17.12
MinimumVisualStudioVersion = 10.0.40219.1
Project("{FAE04EC0-301F-11D3-BF4B-00C04F79EFBC}") = "Odtahovky.Server", "Odtahovky.Server\Odtahovky.Server.csproj", "{F729B5BF-3CA5-4D0F-8BE4-2540A91B2601}"
EndProject
Project("{54A90642-561A-4BB1-A94E-469ADEE60C69}") = "odtahovky.client", "odtahovky.client\odtahovky.client.esproj", "{9C4E38A8-CFDE-47B0-8EB3-BF6E2D2796D5}"
EndProject
Global
	GlobalSection(SolutionConfigurationPlatforms) = preSolution
		Debug|Any CPU = Debug|Any CPU
		Release|Any CPU = Release|Any CPU
	EndGlobalSection
	GlobalSection(ProjectConfigurationPlatforms) = postSolution
		{F729B5BF-3CA5-4D0F-8BE4-2540A91B2601}.Debug|Any CPU.ActiveCfg = Debug|Any CPU
		{F729B5BF-3CA5-4D0F-8BE4-2540A91B2601}.Debug|Any CPU.Build.0 = Debug|Any CPU
		{F729B5BF-3CA5-4D0F-8BE4-2540A91B2601}.Release|Any CPU.ActiveCfg = Release|Any CPU
		{F729B5BF-3CA5-4D0F-8BE4-2540A91B2601}.Release|Any CPU.Build.0 = Release|Any CPU
		{9C4E38A8-CFDE-47B0-8EB3-BF6E2D2796D5}.Debug|Any CPU.ActiveCfg = Debug|Any CPU
		{9C4E38A8-CFDE-47B0-8EB3-BF6E2D2796D5}.Debug|Any CPU.Build.0 = Debug|Any CPU
		{9C4E38A8-CFDE-47B0-8EB3-BF6E2D2796D5}.Debug|Any CPU.Deploy.0 = Debug|Any CPU
		{9C4E38A8-CFDE-47B0-8EB3-BF6E2D2796D5}.Release|Any CPU.ActiveCfg = Release|Any CPU
		{9C4E38A8-CFDE-47B0-8EB3-BF6E2D2796D5}.Release|Any CPU.Build.0 = Release|Any CPU
		{9C4E38A8-CFDE-47B0-8EB3-BF6E2D2796D5}.Release|Any CPU.Deploy.0 = Release|Any CPU
	EndGlobalSection
	GlobalSection(SolutionProperties) = preSolution
		HideSolutionNode = FALSE
	EndGlobalSection
EndGlobal
